
Microsoft Visual Studio Solution File, Format Version 12.00
# Visual Studio Version 16
VisualStudioVersion = 16.0.29025.244
MinimumVisualStudioVersion = 10.0.40219.1
Project("{FAE04EC0-301F-11D3-BF4B-00C04F79EFBC}") = "OOPDesignQuizQ1", "OOPDesignQuizQ1\OOPDesignQuizQ1.csproj", "{DB3A1E40-CA55-4CAD-A6CC-6D2AF8B52136}"
EndProject
Global
	GlobalSection(SolutionConfigurationPlatforms) = preSolution
		Debug|Any CPU = Debug|Any CPU
		Release|Any CPU = Release|Any CPU
	EndGlobalSection
	GlobalSection(ProjectConfigurationPlatforms) = postSolution
		{DB3A1E40-CA55-4CAD-A6CC-6D2AF8B52136}.Debug|Any CPU.ActiveCfg = Debug|Any CPU
		{DB3A1E40-CA55-4CAD-A6CC-6D2AF8B52136}.Debug|Any CPU.Build.0 = Debug|Any CPU
		{DB3A1E40-CA55-4CAD-A6CC-6D2AF8B52136}.Release|Any CPU.ActiveCfg = Release|Any CPU
		{DB3A1E40-CA55-4CAD-A6CC-6D2AF8B52136}.Release|Any CPU.Build.0 = Release|Any CPU
	EndGlobalSection
	GlobalSection(SolutionProperties) = preSolution
		HideSolutionNode = FALSE
	EndGlobalSection
	GlobalSection(ExtensibilityGlobals) = postSolution
		SolutionGuid = {88FCBBD6-F3B9-4FB2-A1C0-3BE75209BC11}
	EndGlobalSection
EndGlobal
